// !$*UTF8*$!
{
	archiveVersion = 1;
	classes = {
	};
	objectVersion = 50;
	objects = {

/* Begin PBXBuildFile section */
		BEC7668225E62A030067F1E6 /* AppDelegate.swift in Sources */ = {isa = PBXBuildFile; fileRef = BEC7668125E62A030067F1E6 /* AppDelegate.swift */; };
		BEC7668425E62A030067F1E6 /* SceneDelegate.swift in Sources */ = {isa = PBXBuildFile; fileRef = BEC7668325E62A030067F1E6 /* SceneDelegate.swift */; };
		BEC7668625E62A030067F1E6 /* LoginViewController.swift in Sources */ = {isa = PBXBuildFile; fileRef = BEC7668525E62A030067F1E6 /* LoginViewController.swift */; };
		BEC7668925E62A030067F1E6 /* Main.storyboard in Resources */ = {isa = PBXBuildFile; fileRef = BEC7668725E62A030067F1E6 /* Main.storyboard */; };
		BEC7668B25E62A1B0067F1E6 /* Assets.xcassets in Resources */ = {isa = PBXBuildFile; fileRef = BEC7668A25E62A1B0067F1E6 /* Assets.xcassets */; };
		BEC7668E25E62A1C0067F1E6 /* LaunchScreen.storyboard in Resources */ = {isa = PBXBuildFile; fileRef = BEC7668C25E62A1C0067F1E6 /* LaunchScreen.storyboard */; };
		BEC7669A25E62BF30067F1E6 /* GoogleSignInDependencies.framework in Frameworks */ = {isa = PBXBuildFile; fileRef = BEC7669725E62BF10067F1E6 /* GoogleSignInDependencies.framework */; };
		BEC7669B25E62BF30067F1E6 /* GoogleSignIn.framework in Frameworks */ = {isa = PBXBuildFile; fileRef = BEC7669825E62BF20067F1E6 /* GoogleSignIn.framework */; };
		BEC7669C25E62BF30067F1E6 /* GoogleSignIn.bundle in Resources */ = {isa = PBXBuildFile; fileRef = BEC7669925E62BF30067F1E6 /* GoogleSignIn.bundle */; };
		BEC766A125E630500067F1E6 /* SystemConfiguration.framework in Frameworks */ = {isa = PBXBuildFile; fileRef = BEC766A025E630500067F1E6 /* SystemConfiguration.framework */; };
		BEC766A325E630560067F1E6 /* LocalAuthentication.framework in Frameworks */ = {isa = PBXBuildFile; fileRef = BEC766A225E630560067F1E6 /* LocalAuthentication.framework */; };
		BEC766A525E630630067F1E6 /* SafariServices.framework in Frameworks */ = {isa = PBXBuildFile; fileRef = BEC766A425E630630067F1E6 /* SafariServices.framework */; };
		BEC766AC25E635390067F1E6 /* credentials.plist in Resources */ = {isa = PBXBuildFile; fileRef = BEC766AB25E635390067F1E6 /* credentials.plist */; };
/* End PBXBuildFile section */

/* Begin PBXFileReference section */
		BEC7667E25E62A030067F1E6 /* googleSignInDemo.app */ = {isa = PBXFileReference; explicitFileType = wrapper.application; includeInIndex = 0; path = googleSignInDemo.app; sourceTree = BUILT_PRODUCTS_DIR; };
		BEC7668125E62A030067F1E6 /* AppDelegate.swift */ = {isa = PBXFileReference; lastKnownFileType = sourcecode.swift; path = AppDelegate.swift; sourceTree = "<group>"; };
		BEC7668325E62A030067F1E6 /* SceneDelegate.swift */ = {isa = PBXFileReference; lastKnownFileType = sourcecode.swift; path = SceneDelegate.swift; sourceTree = "<group>"; };
		BEC7668525E62A030067F1E6 /* LoginViewController.swift */ = {isa = PBXFileReference; lastKnownFileType = sourcecode.swift; path = LoginViewController.swift; sourceTree = "<group>"; };
		BEC7668825E62A030067F1E6 /* Base */ = {isa = PBXFileReference; lastKnownFileType = file.storyboard; name = Base; path = Base.lproj/Main.storyboard; sourceTree = "<group>"; };
		BEC7668A25E62A1B0067F1E6 /* Assets.xcassets */ = {isa = PBXFileReference; lastKnownFileType = folder.assetcatalog; path = Assets.xcassets; sourceTree = "<group>"; };
		BEC7668D25E62A1C0067F1E6 /* Base */ = {isa = PBXFileReference; lastKnownFileType = file.storyboard; name = Base; path = Base.lproj/LaunchScreen.storyboard; sourceTree = "<group>"; };
		BEC7668F25E62A1C0067F1E6 /* Info.plist */ = {isa = PBXFileReference; lastKnownFileType = text.plist.xml; path = Info.plist; sourceTree = "<group>"; };
		BEC7669725E62BF10067F1E6 /* GoogleSignInDependencies.framework */ = {isa = PBXFileReference; lastKnownFileType = wrapper.framework; path = GoogleSignInDependencies.framework; sourceTree = "<group>"; };
		BEC7669825E62BF20067F1E6 /* GoogleSignIn.framework */ = {isa = PBXFileReference; lastKnownFileType = wrapper.framework; path = GoogleSignIn.framework; sourceTree = "<group>"; };
		BEC7669925E62BF30067F1E6 /* GoogleSignIn.bundle */ = {isa = PBXFileReference; lastKnownFileType = "wrapper.plug-in"; path = GoogleSignIn.bundle; sourceTree = "<group>"; };
		BEC766A025E630500067F1E6 /* SystemConfiguration.framework */ = {isa = PBXFileReference; lastKnownFileType = wrapper.framework; name = SystemConfiguration.framework; path = System/Library/Frameworks/SystemConfiguration.framework; sourceTree = SDKROOT; };
		BEC766A225E630560067F1E6 /* LocalAuthentication.framework */ = {isa = PBXFileReference; lastKnownFileType = wrapper.framework; name = LocalAuthentication.framework; path = System/Library/Frameworks/LocalAuthentication.framework; sourceTree = SDKROOT; };
		BEC766A425E630630067F1E6 /* SafariServices.framework */ = {isa = PBXFileReference; lastKnownFileType = wrapper.framework; name = SafariServices.framework; path = System/Library/Frameworks/SafariServices.framework; sourceTree = SDKROOT; };
		BEC766AB25E635390067F1E6 /* credentials.plist */ = {isa = PBXFileReference; fileEncoding = 4; lastKnownFileType = text.plist.xml; path = credentials.plist; sourceTree = "<group>"; };
/* End PBXFileReference section */

/* Begin PBXFrameworksBuildPhase section */
		BEC7667B25E62A030067F1E6 /* Frameworks */ = {
			isa = PBXFrameworksBuildPhase;
			buildActionMask = 2147483647;
			files = (
				BEC766A525E630630067F1E6 /* SafariServices.framework in Frameworks */,
				BEC766A325E630560067F1E6 /* LocalAuthentication.framework in Frameworks */,
				BEC766A125E630500067F1E6 /* SystemConfiguration.framework in Frameworks */,
				BEC7669A25E62BF30067F1E6 /* GoogleSignInDependencies.framework in Frameworks */,
				BEC7669B25E62BF30067F1E6 /* GoogleSignIn.framework in Frameworks */,
			);
			runOnlyForDeploymentPostprocessing = 0;
		};
/* End PBXFrameworksBuildPhase section */

/* Begin PBXGroup section */
		BEC7667525E62A030067F1E6 = {
			isa = PBXGroup;
			children = (
				BEC7668025E62A030067F1E6 /* googleSignInDemo */,
				BEC7667F25E62A030067F1E6 /* Products */,
				BEC7669F25E630500067F1E6 /* Frameworks */,
			);
			sourceTree = "<group>";
		};
		BEC7667F25E62A030067F1E6 /* Products */ = {
			isa = PBXGroup;
			children = (
				BEC7667E25E62A030067F1E6 /* googleSignInDemo.app */,
			);
			name = Products;
			sourceTree = "<group>";
		};
		BEC7668025E62A030067F1E6 /* googleSignInDemo */ = {
			isa = PBXGroup;
			children = (
				BEC766AB25E635390067F1E6 /* credentials.plist */,
				BEC7669925E62BF30067F1E6 /* GoogleSignIn.bundle */,
				BEC7669825E62BF20067F1E6 /* GoogleSignIn.framework */,
				BEC7669725E62BF10067F1E6 /* GoogleSignInDependencies.framework */,
				BEC7668125E62A030067F1E6 /* AppDelegate.swift */,
				BEC7668325E62A030067F1E6 /* SceneDelegate.swift */,
				BEC7668525E62A030067F1E6 /* LoginViewController.swift */,
				BEC7668725E62A030067F1E6 /* Main.storyboard */,
				BEC7668A25E62A1B0067F1E6 /* Assets.xcassets */,
				BEC7668C25E62A1C0067F1E6 /* LaunchScreen.storyboard */,
				BEC7668F25E62A1C0067F1E6 /* Info.plist */,
			);
			path = googleSignInDemo;
			sourceTree = "<group>";
		};
		BEC7669F25E630500067F1E6 /* Frameworks */ = {
			isa = PBXGroup;
			children = (
				BEC766A425E630630067F1E6 /* SafariServices.framework */,
				BEC766A225E630560067F1E6 /* LocalAuthentication.framework */,
				BEC766A025E630500067F1E6 /* SystemConfiguration.framework */,
			);
			name = Frameworks;
			sourceTree = "<group>";
		};
/* End PBXGroup section */

/* Begin PBXNativeTarget section */
		BEC7667D25E62A030067F1E6 /* googleSignInDemo */ = {
			isa = PBXNativeTarget;
			buildConfigurationList = BEC7669225E62A1C0067F1E6 /* Build configuration list for PBXNativeTarget "googleSignInDemo" */;
			buildPhases = (
				BEC7667A25E62A030067F1E6 /* Sources */,
				BEC7667B25E62A030067F1E6 /* Frameworks */,
				BEC7667C25E62A030067F1E6 /* Resources */,
			);
			buildRules = (
			);
			dependencies = (
			);
			name = googleSignInDemo;
			productName = googleSignInDemo;
			productReference = BEC7667E25E62A030067F1E6 /* googleSignInDemo.app */;
			productType = "com.apple.product-type.application";
		};
/* End PBXNativeTarget section */

/* Begin PBXProject section */
		BEC7667625E62A030067F1E6 /* Project object */ = {
			isa = PBXProject;
			attributes = {
				LastSwiftUpdateCheck = 1240;
				LastUpgradeCheck = 1240;
				TargetAttributes = {
					BEC7667D25E62A030067F1E6 = {
						CreatedOnToolsVersion = 12.4;
					};
				};
			};
			buildConfigurationList = BEC7667925E62A030067F1E6 /* Build configuration list for PBXProject "googleSignInDemo" */;
			compatibilityVersion = "Xcode 9.3";
			developmentRegion = en;
			hasScannedForEncodings = 0;
			knownRegions = (
				en,
				Base,
			);
			mainGroup = BEC7667525E62A030067F1E6;
			productRefGroup = BEC7667F25E62A030067F1E6 /* Products */;
			projectDirPath = "";
			projectRoot = "";
			targets = (
				BEC7667D25E62A030067F1E6 /* googleSignInDemo */,
			);
		};
/* End PBXProject section */

/* Begin PBXResourcesBuildPhase section */
		BEC7667C25E62A030067F1E6 /* Resources */ = {
			isa = PBXResourcesBuildPhase;
			buildActionMask = 2147483647;
			files = (
				BEC7669C25E62BF30067F1E6 /* GoogleSignIn.bundle in Resources */,
				BEC7668E25E62A1C0067F1E6 /* LaunchScreen.storyboard in Resources */,
				BEC766AC25E635390067F1E6 /* credentials.plist in Resources */,
				BEC7668B25E62A1B0067F1E6 /* Assets.xcassets in Resources */,
				BEC7668925E62A030067F1E6 /* Main.storyboard in Resources */,
			);
			runOnlyForDeploymentPostprocessing = 0;
		};
/* End PBXResourcesBuildPhase section */

/* Begin PBXSourcesBuildPhase section */
		BEC7667A25E62A030067F1E6 /* Sources */ = {
			isa = PBXSourcesBuildPhase;
			buildActionMask = 2147483647;
			files = (
				BEC7668625E62A030067F1E6 /* LoginViewController.swift in Sources */,
				BEC7668225E62A030067F1E6 /* AppDelegate.swift in Sources */,
				BEC7668425E62A030067F1E6 /* SceneDelegate.swift in Sources */,
			);
			runOnlyForDeploymentPostprocessing = 0;
		};
/* End PBXSourcesBuildPhase section */

/* Begin PBXVariantGroup section */
		BEC7668725E62A030067F1E6 /* Main.storyboard */ = {
			isa = PBXVariantGroup;
			children = (
				BEC7668825E62A030067F1E6 /* Base */,
			);
			name = Main.storyboard;
			sourceTree = "<group>";
		};
		BEC7668C25E62A1C0067F1E6 /* LaunchScreen.storyboard */ = {
			isa = PBXVariantGroup;
			children = (
				BEC7668D25E62A1C0067F1E6 /* Base */,
			);
			name = LaunchScreen.storyboard;
			sourceTree = "<group>";
		};
/* End PBXVariantGroup section */

/* Begin XCBuildConfiguration section */
		BEC7669025E62A1C0067F1E6 /* Debug */ = {
			isa = XCBuildConfiguration;
			buildSettings = {
				ALWAYS_SEARCH_USER_PATHS = NO;
				CLANG_ANALYZER_NONNULL = YES;
				CLANG_ANALYZER_NUMBER_OBJECT_CONVERSION = YES_AGGRESSIVE;
				CLANG_CXX_LANGUAGE_STANDARD = "gnu++14";
				CLANG_CXX_LIBRARY = "libc++";
				CLANG_ENABLE_MODULES = YES;
				CLANG_ENABLE_OBJC_ARC = YES;
				CLANG_ENABLE_OBJC_WEAK = YES;
				CLANG_WARN_BLOCK_CAPTURE_AUTORELEASING = YES;
				CLANG_WARN_BOOL_CONVERSION = YES;
				CLANG_WARN_COMMA = YES;
				CLANG_WARN_CONSTANT_CONVERSION = YES;
				CLANG_WARN_DEPRECATED_OBJC_IMPLEMENTATIONS = YES;
				CLANG_WARN_DIRECT_OBJC_ISA_USAGE = YES_ERROR;
				CLANG_WARN_DOCUMENTATION_COMMENTS = YES;
				CLANG_WARN_EMPTY_BODY = YES;
				CLANG_WARN_ENUM_CONVERSION = YES;
				CLANG_WARN_INFINITE_RECURSION = YES;
				CLANG_WARN_INT_CONVERSION = YES;
				CLANG_WARN_NON_LITERAL_NULL_CONVERSION = YES;
				CLANG_WARN_OBJC_IMPLICIT_RETAIN_SELF = YES;
				CLANG_WARN_OBJC_LITERAL_CONVERSION = YES;
				CLANG_WARN_OBJC_ROOT_CLASS = YES_ERROR;
				CLANG_WARN_QUOTED_INCLUDE_IN_FRAMEWORK_HEADER = YES;
				CLANG_WARN_RANGE_LOOP_ANALYSIS = YES;
				CLANG_WARN_STRICT_PROTOTYPES = YES;
				CLANG_WARN_SUSPICIOUS_MOVE = YES;
				CLANG_WARN_UNGUARDED_AVAILABILITY = YES_AGGRESSIVE;
				CLANG_WARN_UNREACHABLE_CODE = YES;
				CLANG_WARN__DUPLICATE_METHOD_MATCH = YES;
				COPY_PHASE_STRIP = NO;
				DEBUG_INFORMATION_FORMAT = dwarf;
				ENABLE_STRICT_OBJC_MSGSEND = YES;
				ENABLE_TESTABILITY = YES;
				GCC_C_LANGUAGE_STANDARD = gnu11;
				GCC_DYNAMIC_NO_PIC = NO;
				GCC_NO_COMMON_BLOCKS = YES;
				GCC_OPTIMIZATION_LEVEL = 0;
				GCC_PREPROCESSOR_DEFINITIONS = (
					"DEBUG=1",
					"$(inherited)",
				);
				GCC_WARN_64_TO_32_BIT_CONVERSION = YES;
				GCC_WARN_ABOUT_RETURN_TYPE = YES_ERROR;
				GCC_WARN_UNDECLARED_SELECTOR = YES;
				GCC_WARN_UNINITIALIZED_AUTOS = YES_AGGRESSIVE;
				GCC_WARN_UNUSED_FUNCTION = YES;
				GCC_WARN_UNUSED_VARIABLE = YES;
				IPHONEOS_DEPLOYMENT_TARGET = 14.4;
				MTL_ENABLE_DEBUG_INFO = INCLUDE_SOURCE;
				MTL_FAST_MATH = YES;
				ONLY_ACTIVE_ARCH = YES;
				SDKROOT = iphoneos;
				SWIFT_ACTIVE_COMPILATION_CONDITIONS = DEBUG;
				SWIFT_OPTIMIZATION_LEVEL = "-Onone";
			};
			name = Debug;
		};
		BEC7669125E62A1C0067F1E6 /* Release */ = {
			isa = XCBuildConfiguration;
			buildSettings = {
				ALWAYS_SEARCH_USER_PATHS = NO;
				CLANG_ANALYZER_NONNULL = YES;
				CLANG_ANALYZER_NUMBER_OBJECT_CONVERSION = YES_AGGRESSIVE;
				CLANG_CXX_LANGUAGE_STANDARD = "gnu++14";
				CLANG_CXX_LIBRARY = "libc++";
				CLANG_ENABLE_MODULES = YES;
				CLANG_ENABLE_OBJC_ARC = YES;
				CLANG_ENABLE_OBJC_WEAK = YES;
				CLANG_WARN_BLOCK_CAPTURE_AUTORELEASING = YES;
				CLANG_WARN_BOOL_CONVERSION = YES;
				CLANG_WARN_COMMA = YES;
				CLANG_WARN_CONSTANT_CONVERSION = YES;
				CLANG_WARN_DEPRECATED_OBJC_IMPLEMENTATIONS = YES;
				CLANG_WARN_DIRECT_OBJC_ISA_USAGE = YES_ERROR;
				CLANG_WARN_DOCUMENTATION_COMMENTS = YES;
				CLANG_WARN_EMPTY_BODY = YES;
				CLANG_WARN_ENUM_CONVERSION = YES;
				CLANG_WARN_INFINITE_RECURSION = YES;
				CLANG_WARN_INT_CONVERSION = YES;
				CLANG_WARN_NON_LITERAL_NULL_CONVERSION = YES;
				CLANG_WARN_OBJC_IMPLICIT_RETAIN_SELF = YES;
				CLANG_WARN_OBJC_LITERAL_CONVERSION = YES;
				CLANG_WARN_OBJC_ROOT_CLASS = YES_ERROR;
				CLANG_WARN_QUOTED_INCLUDE_IN_FRAMEWORK_HEADER = YES;
				CLANG_WARN_RANGE_LOOP_ANALYSIS = YES;
				CLANG_WARN_STRICT_PROTOTYPES = YES;
				CLANG_WARN_SUSPICIOUS_MOVE = YES;
				CLANG_WARN_UNGUARDED_AVAILABILITY = YES_AGGRESSIVE;
				CLANG_WARN_UNREACHABLE_CODE = YES;
				CLANG_WARN__DUPLICATE_METHOD_MATCH = YES;
				COPY_PHASE_STRIP = NO;
				DEBUG_INFORMATION_FORMAT = "dwarf-with-dsym";
				ENABLE_NS_ASSERTIONS = NO;
				ENABLE_STRICT_OBJC_MSGSEND = YES;
				GCC_C_LANGUAGE_STANDARD = gnu11;
				GCC_NO_COMMON_BLOCKS = YES;
				GCC_WARN_64_TO_32_BIT_CONVERSION = YES;
				GCC_WARN_ABOUT_RETURN_TYPE = YES_ERROR;
				GCC_WARN_UNDECLARED_SELECTOR = YES;
				GCC_WARN_UNINITIALIZED_AUTOS = YES_AGGRESSIVE;
				GCC_WARN_UNUSED_FUNCTION = YES;
				GCC_WARN_UNUSED_VARIABLE = YES;
				IPHONEOS_DEPLOYMENT_TARGET = 14.4;
				MTL_ENABLE_DEBUG_INFO = NO;
				MTL_FAST_MATH = YES;
				SDKROOT = iphoneos;
				SWIFT_COMPILATION_MODE = wholemodule;
				SWIFT_OPTIMIZATION_LEVEL = "-O";
				VALIDATE_PRODUCT = YES;
			};
			name = Release;
		};
		BEC7669325E62A1C0067F1E6 /* Debug */ = {
			isa = XCBuildConfiguration;
			buildSettings = {
				ASSETCATALOG_COMPILER_APPICON_NAME = AppIcon;
				ASSETCATALOG_COMPILER_GLOBAL_ACCENT_COLOR_NAME = AccentColor;
				CODE_SIGN_STYLE = Automatic;
				DEVELOPMENT_TEAM = 2Q459GXYYZ;
				FRAMEWORK_SEARCH_PATHS = (
					"$(inherited)",
					"$(PROJECT_DIR)/googleSignInDemo",
				);
				INFOPLIST_FILE = googleSignInDemo/Info.plist;
				LD_RUNPATH_SEARCH_PATHS = (
					"$(inherited)",
					"@executable_path/Frameworks",
				);
				OTHER_LDFLAGS = (
					"$(OTHER_LDFLAGS)",
					"-ObjC",
				);
				PRODUCT_BUNDLE_IDENTIFIER = neha.gupta.googleSignInDemo;
				PRODUCT_NAME = "$(TARGET_NAME)";
				SWIFT_VERSION = 5.0;
				TARGETED_DEVICE_FAMILY = "1,2";
			};
			name = Debug;
		};
		BEC7669425E62A1C0067F1E6 /* Release */ = {
			isa = XCBuildConfiguration;
			buildSettings = {
				ASSETCATALOG_COMPILER_APPICON_NAME = AppIcon;
				ASSETCATALOG_COMPILER_GLOBAL_ACCENT_COLOR_NAME = AccentColor;
				CODE_SIGN_STYLE = Automatic;
				DEVELOPMENT_TEAM = 2Q459GXYYZ;
				FRAMEWORK_SEARCH_PATHS = (
					"$(inherited)",
					"$(PROJECT_DIR)/googleSignInDemo",
				);
				INFOPLIST_FILE = googleSignInDemo/Info.plist;
				LD_RUNPATH_SEARCH_PATHS = (
					"$(inherited)",
					"@executable_path/Frameworks",
				);
				OTHER_LDFLAGS = (
					"$(OTHER_LDFLAGS)",
					"-ObjC",
				);
				PRODUCT_BUNDLE_IDENTIFIER = neha.gupta.googleSignInDemo;
				PRODUCT_NAME = "$(TARGET_NAME)";
				SWIFT_VERSION = 5.0;
				TARGETED_DEVICE_FAMILY = "1,2";
			};
			name = Release;
		};
/* End XCBuildConfiguration section */

/* Begin XCConfigurationList section */
		BEC7667925E62A030067F1E6 /* Build configuration list for PBXProject "googleSignInDemo" */ = {
			isa = XCConfigurationList;
			buildConfigurations = (
				BEC7669025E62A1C0067F1E6 /* Debug */,
				BEC7669125E62A1C0067F1E6 /* Release */,
			);
			defaultConfigurationIsVisible = 0;
			defaultConfigurationName = Release;
		};
		BEC7669225E62A1C0067F1E6 /* Build configuration list for PBXNativeTarget "googleSignInDemo" */ = {
			isa = XCConfigurationList;
			buildConfigurations = (
				BEC7669325E62A1C0067F1E6 /* Debug */,
				BEC7669425E62A1C0067F1E6 /* Release */,
			);
			defaultConfigurationIsVisible = 0;
			defaultConfigurationName = Release;
		};
/* End XCConfigurationList section */
	};
	rootObject = BEC7667625E62A030067F1E6 /* Project object */;
}
